
Microsoft Visual Studio Solution File, Format Version 12.00
# Visual Studio Version 17
VisualStudioVersion = 17.0.32014.148
MinimumVisualStudioVersion = 10.0.40219.1
Project("{FAE04EC0-301F-11D3-BF4B-00C04F79EFBC}") = "Agenda", "Agenda\Agenda.csproj", "{05501682-9871-422E-A8B8-7AB3506BFDE2}"
EndProject
Global
	GlobalSection(SolutionConfigurationPlatforms) = preSolution
		Debug|Any CPU = Debug|Any CPU
		Release|Any CPU = Release|Any CPU
	EndGlobalSection
	GlobalSection(ProjectConfigurationPlatforms) = postSolution
		{05501682-9871-422E-A8B8-7AB3506BFDE2}.Debug|Any CPU.ActiveCfg = Debug|Any CPU
		{05501682-9871-422E-A8B8-7AB3506BFDE2}.Debug|Any CPU.Build.0 = Debug|Any CPU
		{05501682-9871-422E-A8B8-7AB3506BFDE2}.Release|Any CPU.ActiveCfg = Release|Any CPU
		{05501682-9871-422E-A8B8-7AB3506BFDE2}.Release|Any CPU.Build.0 = Release|Any CPU
	EndGlobalSection
	GlobalSection(SolutionProperties) = preSolution
		HideSolutionNode = FALSE
	EndGlobalSection
	GlobalSection(ExtensibilityGlobals) = postSolution
		SolutionGuid = {EB50584B-BB95-4972-AF8C-77A7221E8569}
	EndGlobalSection
EndGlobal
